
Microsoft Visual Studio Solution File, Format Version 12.00
# Visual Studio Version 16
VisualStudioVersion = 16.0.29409.12
MinimumVisualStudioVersion = 10.0.40219.1
Project("{FAE04EC0-301F-11D3-BF4B-00C04F79EFBC}") = "NoahInRhino", "NoahInRhino.csproj", "{8E90F0F5-58B3-4ED0-A233-A7E86F2B9E24}"
EndProject
Global
	GlobalSection(SolutionConfigurationPlatforms) = preSolution
		Debug|Any CPU = Debug|Any CPU
		Release|Any CPU = Release|Any CPU
	EndGlobalSection
	GlobalSection(ProjectConfigurationPlatforms) = postSolution
		{8E90F0F5-58B3-4ED0-A233-A7E86F2B9E24}.Debug|Any CPU.ActiveCfg = Debug|Any CPU
		{8E90F0F5-58B3-4ED0-A233-A7E86F2B9E24}.Debug|Any CPU.Build.0 = Debug|Any CPU
		{8E90F0F5-58B3-4ED0-A233-A7E86F2B9E24}.Release|Any CPU.ActiveCfg = Release|Any CPU
		{8E90F0F5-58B3-4ED0-A233-A7E86F2B9E24}.Release|Any CPU.Build.0 = Release|Any CPU
	EndGlobalSection
	GlobalSection(SolutionProperties) = preSolution
		HideSolutionNode = FALSE
	EndGlobalSection
	GlobalSection(ExtensibilityGlobals) = postSolution
		SolutionGuid = {8E584699-5E63-4EAB-80C0-852A2843A429}
	EndGlobalSection
EndGlobal
