
Microsoft Visual Studio Solution File, Format Version 12.00
# Visual Studio 15
VisualStudioVersion = 15.0.28307.438
MinimumVisualStudioVersion = 10.0.40219.1
Project("{FAE04EC0-301F-11D3-BF4B-00C04F79EFBC}") = "NoahiCAD", "NoahiCAD\NoahiCAD.csproj", "{AF07FA24-87A7-4222-BF45-8A3B62641C05}"
EndProject
Global
	GlobalSection(SolutionConfigurationPlatforms) = preSolution
		Debug|Any CPU = Debug|Any CPU
		Release|Any CPU = Release|Any CPU
	EndGlobalSection
	GlobalSection(ProjectConfigurationPlatforms) = postSolution
		{AF07FA24-87A7-4222-BF45-8A3B62641C05}.Debug|Any CPU.ActiveCfg = Debug|Any CPU
		{AF07FA24-87A7-4222-BF45-8A3B62641C05}.Debug|Any CPU.Build.0 = Debug|Any CPU
		{AF07FA24-87A7-4222-BF45-8A3B62641C05}.Release|Any CPU.ActiveCfg = Release|Any CPU
		{AF07FA24-87A7-4222-BF45-8A3B62641C05}.Release|Any CPU.Build.0 = Release|Any CPU
	EndGlobalSection
	GlobalSection(SolutionProperties) = preSolution
		HideSolutionNode = FALSE
	EndGlobalSection
	GlobalSection(ExtensibilityGlobals) = postSolution
		SolutionGuid = {FCBEE395-172E-4F60-9B20-3ACD30181D45}
	EndGlobalSection
EndGlobal
